
Microsoft Visual Studio Solution File, Format Version 12.00
# Visual Studio Version 17
VisualStudioVersion = 17.0.31903.59
MinimumVisualStudioVersion = 10.0.40219.1
Project("{FAE04EC0-301F-11D3-BF4B-00C04F79EFBC}") = "Assignment.Job", "Assignment.Job\Assignment.Job.csproj", "{8433464B-5285-4F36-A40F-C035C3802CC3}"
EndProject
Project("{FAE04EC0-301F-11D3-BF4B-00C04F79EFBC}") = "Assignment.Models", "Assignment.Models\Assignment.Models.csproj", "{7857595A-D159-4E00-A289-2925F49351CE}"
EndProject
Project("{FAE04EC0-301F-11D3-BF4B-00C04F79EFBC}") = "Assignment.Repository", "Assignment.Repository\Assignment.Repository.csproj", "{F559E257-2227-479A-9E6F-032EB3BDBC0E}"
EndProject
Project("{FAE04EC0-301F-11D3-BF4B-00C04F79EFBC}") = "Assignment.Services", "Assignment.Services\Assignment.Services.csproj", "{47A2C375-CCCA-4F84-B4FF-56CE569307A6}"
EndProject
Project("{FAE04EC0-301F-11D3-BF4B-00C04F79EFBC}") = "Assignment.API", "Assignment.API\Assignment.API.csproj", "{0507D0C5-0853-4EB7-8B1C-EE9CC54EE094}"
EndProject
Global
	GlobalSection(SolutionConfigurationPlatforms) = preSolution
		Debug|Any CPU = Debug|Any CPU
		Debug|x64 = Debug|x64
		Debug|x86 = Debug|x86
		Release|Any CPU = Release|Any CPU
		Release|x64 = Release|x64
		Release|x86 = Release|x86
	EndGlobalSection
	GlobalSection(ProjectConfigurationPlatforms) = postSolution
		{8433464B-5285-4F36-A40F-C035C3802CC3}.Debug|Any CPU.ActiveCfg = Debug|Any CPU
		{8433464B-5285-4F36-A40F-C035C3802CC3}.Debug|Any CPU.Build.0 = Debug|Any CPU
		{8433464B-5285-4F36-A40F-C035C3802CC3}.Debug|x64.ActiveCfg = Debug|Any CPU
		{8433464B-5285-4F36-A40F-C035C3802CC3}.Debug|x64.Build.0 = Debug|Any CPU
		{8433464B-5285-4F36-A40F-C035C3802CC3}.Debug|x86.ActiveCfg = Debug|Any CPU
		{8433464B-5285-4F36-A40F-C035C3802CC3}.Debug|x86.Build.0 = Debug|Any CPU
		{8433464B-5285-4F36-A40F-C035C3802CC3}.Release|Any CPU.ActiveCfg = Release|Any CPU
		{8433464B-5285-4F36-A40F-C035C3802CC3}.Release|Any CPU.Build.0 = Release|Any CPU
		{8433464B-5285-4F36-A40F-C035C3802CC3}.Release|x64.ActiveCfg = Release|Any CPU
		{8433464B-5285-4F36-A40F-C035C3802CC3}.Release|x64.Build.0 = Release|Any CPU
		{8433464B-5285-4F36-A40F-C035C3802CC3}.Release|x86.ActiveCfg = Release|Any CPU
		{8433464B-5285-4F36-A40F-C035C3802CC3}.Release|x86.Build.0 = Release|Any CPU
		{7857595A-D159-4E00-A289-2925F49351CE}.Debug|Any CPU.ActiveCfg = Debug|Any CPU
		{7857595A-D159-4E00-A289-2925F49351CE}.Debug|Any CPU.Build.0 = Debug|Any CPU
		{7857595A-D159-4E00-A289-2925F49351CE}.Debug|x64.ActiveCfg = Debug|Any CPU
		{7857595A-D159-4E00-A289-2925F49351CE}.Debug|x64.Build.0 = Debug|Any CPU
		{7857595A-D159-4E00-A289-2925F49351CE}.Debug|x86.ActiveCfg = Debug|Any CPU
		{7857595A-D159-4E00-A289-2925F49351CE}.Debug|x86.Build.0 = Debug|Any CPU
		{7857595A-D159-4E00-A289-2925F49351CE}.Release|Any CPU.ActiveCfg = Release|Any CPU
		{7857595A-D159-4E00-A289-2925F49351CE}.Release|Any CPU.Build.0 = Release|Any CPU
		{7857595A-D159-4E00-A289-2925F49351CE}.Release|x64.ActiveCfg = Release|Any CPU
		{7857595A-D159-4E00-A289-2925F49351CE}.Release|x64.Build.0 = Release|Any CPU
		{7857595A-D159-4E00-A289-2925F49351CE}.Release|x86.ActiveCfg = Release|Any CPU
		{7857595A-D159-4E00-A289-2925F49351CE}.Release|x86.Build.0 = Release|Any CPU
		{F559E257-2227-479A-9E6F-032EB3BDBC0E}.Debug|Any CPU.ActiveCfg = Debug|Any CPU
		{F559E257-2227-479A-9E6F-032EB3BDBC0E}.Debug|Any CPU.Build.0 = Debug|Any CPU
		{F559E257-2227-479A-9E6F-032EB3BDBC0E}.Debug|x64.ActiveCfg = Debug|Any CPU
		{F559E257-2227-479A-9E6F-032EB3BDBC0E}.Debug|x64.Build.0 = Debug|Any CPU
		{F559E257-2227-479A-9E6F-032EB3BDBC0E}.Debug|x86.ActiveCfg = Debug|Any CPU
		{F559E257-2227-479A-9E6F-032EB3BDBC0E}.Debug|x86.Build.0 = Debug|Any CPU
		{F559E257-2227-479A-9E6F-032EB3BDBC0E}.Release|Any CPU.ActiveCfg = Release|Any CPU
		{F559E257-2227-479A-9E6F-032EB3BDBC0E}.Release|Any CPU.Build.0 = Release|Any CPU
		{F559E257-2227-479A-9E6F-032EB3BDBC0E}.Release|x64.ActiveCfg = Release|Any CPU
		{F559E257-2227-479A-9E6F-032EB3BDBC0E}.Release|x64.Build.0 = Release|Any CPU
		{F559E257-2227-479A-9E6F-032EB3BDBC0E}.Release|x86.ActiveCfg = Release|Any CPU
		{F559E257-2227-479A-9E6F-032EB3BDBC0E}.Release|x86.Build.0 = Release|Any CPU
		{47A2C375-CCCA-4F84-B4FF-56CE569307A6}.Debug|Any CPU.ActiveCfg = Debug|Any CPU
		{47A2C375-CCCA-4F84-B4FF-56CE569307A6}.Debug|Any CPU.Build.0 = Debug|Any CPU
		{47A2C375-CCCA-4F84-B4FF-56CE569307A6}.Debug|x64.ActiveCfg = Debug|Any CPU
		{47A2C375-CCCA-4F84-B4FF-56CE569307A6}.Debug|x64.Build.0 = Debug|Any CPU
		{47A2C375-CCCA-4F84-B4FF-56CE569307A6}.Debug|x86.ActiveCfg = Debug|Any CPU
		{47A2C375-CCCA-4F84-B4FF-56CE569307A6}.Debug|x86.Build.0 = Debug|Any CPU
		{47A2C375-CCCA-4F84-B4FF-56CE569307A6}.Release|Any CPU.ActiveCfg = Release|Any CPU
		{47A2C375-CCCA-4F84-B4FF-56CE569307A6}.Release|Any CPU.Build.0 = Release|Any CPU
		{47A2C375-CCCA-4F84-B4FF-56CE569307A6}.Release|x64.ActiveCfg = Release|Any CPU
		{47A2C375-CCCA-4F84-B4FF-56CE569307A6}.Release|x64.Build.0 = Release|Any CPU
		{47A2C375-CCCA-4F84-B4FF-56CE569307A6}.Release|x86.ActiveCfg = Release|Any CPU
		{47A2C375-CCCA-4F84-B4FF-56CE569307A6}.Release|x86.Build.0 = Release|Any CPU
		{0507D0C5-0853-4EB7-8B1C-EE9CC54EE094}.Debug|Any CPU.ActiveCfg = Debug|Any CPU
		{0507D0C5-0853-4EB7-8B1C-EE9CC54EE094}.Debug|Any CPU.Build.0 = Debug|Any CPU
		{0507D0C5-0853-4EB7-8B1C-EE9CC54EE094}.Debug|x64.ActiveCfg = Debug|Any CPU
		{0507D0C5-0853-4EB7-8B1C-EE9CC54EE094}.Debug|x64.Build.0 = Debug|Any CPU
		{0507D0C5-0853-4EB7-8B1C-EE9CC54EE094}.Debug|x86.ActiveCfg = Debug|Any CPU
		{0507D0C5-0853-4EB7-8B1C-EE9CC54EE094}.Debug|x86.Build.0 = Debug|Any CPU
		{0507D0C5-0853-4EB7-8B1C-EE9CC54EE094}.Release|Any CPU.ActiveCfg = Release|Any CPU
		{0507D0C5-0853-4EB7-8B1C-EE9CC54EE094}.Release|Any CPU.Build.0 = Release|Any CPU
		{0507D0C5-0853-4EB7-8B1C-EE9CC54EE094}.Release|x64.ActiveCfg = Release|Any CPU
		{0507D0C5-0853-4EB7-8B1C-EE9CC54EE094}.Release|x64.Build.0 = Release|Any CPU
		{0507D0C5-0853-4EB7-8B1C-EE9CC54EE094}.Release|x86.ActiveCfg = Release|Any CPU
		{0507D0C5-0853-4EB7-8B1C-EE9CC54EE094}.Release|x86.Build.0 = Release|Any CPU
	EndGlobalSection
	GlobalSection(SolutionProperties) = preSolution
		HideSolutionNode = FALSE
	EndGlobalSection
EndGlobal
